
Microsoft Visual Studio Solution File, Format Version 12.00
# Visual Studio 15
Project("{FAE04EC0-301F-11D3-BF4B-00C04F79EFBC}") = "Assembly-CSharp", "Assembly-CSharp.csproj", "{0755B2F0-9E08-F152-8AD4-CC5BE20E7EF4}"
EndProject
Project("{FAE04EC0-301F-11D3-BF4B-00C04F79EFBC}") = "Assembly-CSharp-Editor", "Assembly-CSharp-Editor.csproj", "{886798BB-556A-B2F0-C9E6-496B1B9A6998}"
EndProject
Project("{FAE04EC0-301F-11D3-BF4B-00C04F79EFBC}") = "ParrelSync", "ParrelSync.csproj", "{0CBF495D-DD33-7799-2F7A-24AF27DA87DE}"
EndProject
Global
	GlobalSection(SolutionConfigurationPlatforms) = preSolution
		Debug|Any CPU = Debug|Any CPU
		Release|Any CPU = Release|Any CPU
	EndGlobalSection
	GlobalSection(ProjectConfigurationPlatforms) = postSolution
		{0755B2F0-9E08-F152-8AD4-CC5BE20E7EF4}.Debug|Any CPU.ActiveCfg = Debug|Any CPU
		{0755B2F0-9E08-F152-8AD4-CC5BE20E7EF4}.Debug|Any CPU.Build.0 = Debug|Any CPU
		{0755B2F0-9E08-F152-8AD4-CC5BE20E7EF4}.Release|Any CPU.ActiveCfg = Release|Any CPU
		{0755B2F0-9E08-F152-8AD4-CC5BE20E7EF4}.Release|Any CPU.Build.0 = Release|Any CPU
		{886798BB-556A-B2F0-C9E6-496B1B9A6998}.Debug|Any CPU.ActiveCfg = Debug|Any CPU
		{886798BB-556A-B2F0-C9E6-496B1B9A6998}.Debug|Any CPU.Build.0 = Debug|Any CPU
		{886798BB-556A-B2F0-C9E6-496B1B9A6998}.Release|Any CPU.ActiveCfg = Release|Any CPU
		{886798BB-556A-B2F0-C9E6-496B1B9A6998}.Release|Any CPU.Build.0 = Release|Any CPU
		{0CBF495D-DD33-7799-2F7A-24AF27DA87DE}.Debug|Any CPU.ActiveCfg = Debug|Any CPU
		{0CBF495D-DD33-7799-2F7A-24AF27DA87DE}.Debug|Any CPU.Build.0 = Debug|Any CPU
		{0CBF495D-DD33-7799-2F7A-24AF27DA87DE}.Release|Any CPU.ActiveCfg = Release|Any CPU
		{0CBF495D-DD33-7799-2F7A-24AF27DA87DE}.Release|Any CPU.Build.0 = Release|Any CPU
	EndGlobalSection
	GlobalSection(SolutionProperties) = preSolution
		HideSolutionNode = FALSE
	EndGlobalSection
EndGlobal
